
Microsoft Visual Studio Solution File, Format Version 12.00
# Visual Studio 15
VisualStudioVersion = 15.0.27004.2008
MinimumVisualStudioVersion = 10.0.40219.1
Project("{2150E333-8FDC-42A3-9474-1A3956D46DE8}") = "3rd party", "3rd party", "{8319FB75-461A-4A57-9CB3-3D1D3A94975F}"
EndProject
Project("{8BC9CEB8-8B4A-11D0-8D11-00A0C91BC942}") = "Shared", "Shared\Shared.vcxitems", "{2EA73C1C-9C51-420F-BCEB-051096EC5DB5}"
EndProject
Project("{8BC9CEB8-8B4A-11D0-8D11-00A0C91BC942}") = "DX_Err", "3rd-party\DX_Err\DX_Err.vcxproj", "{0A652E40-2461-4D29-89C2-1EBCDD9BD804}"
EndProject
Project("{8BC9CEB8-8B4A-11D0-8D11-00A0C91BC942}") = "lib_ogg", "3rd-party\lib_ogg\lib_ogg.vcxproj", "{73594EDB-5910-44B9-92F2-AA037B1DF649}"
EndProject
Project("{8BC9CEB8-8B4A-11D0-8D11-00A0C91BC942}") = "lib_theora", "3rd-party\lib_theora\lib_theora.vcxproj", "{43062536-EE60-4446-B82A-16BA2F328065}"
EndProject
Project("{8BC9CEB8-8B4A-11D0-8D11-00A0C91BC942}") = "lib_vorbis", "3rd-party\lib_vorbis\lib_vorbis.vcxproj", "{89B3D345-157B-49ED-9885-210C6E7997BA}"
EndProject
Project("{8BC9CEB8-8B4A-11D0-8D11-00A0C91BC942}") = "lib_vorbisfile", "3rd-party\lib_vorbisfile\lib_vorbisfile.vcxproj", "{13555DD7-07F4-49FA-9E61-AEB7497BA146}"
EndProject
Project("{8BC9CEB8-8B4A-11D0-8D11-00A0C91BC942}") = "lib_luabind", "3rd-party\lib_luabind\lib_luabind.vcxproj", "{B3B565DE-5D50-4251-959D-5B09B461EF5E}"
EndProject
Project("{8BC9CEB8-8B4A-11D0-8D11-00A0C91BC942}") = "lib_luajit", "3rd-party\lib_luajit\lib_luajit.vcxproj", "{A0CEFAE2-CE6B-458C-B52D-D155D2F48464}"
EndProject
Project("{8BC9CEB8-8B4A-11D0-8D11-00A0C91BC942}") = "lib_minizip", "3rd-party\lib_minizip\lib_minizip.vcxproj", "{1E811881-DE73-4682-BC4F-C0A65A5666BB}"
EndProject
Project("{8BC9CEB8-8B4A-11D0-8D11-00A0C91BC942}") = "lib_ode", "3rd-party\lib_ode\lib_ode.vcxproj", "{EAB82388-6AF8-4649-92ED-904A83FCB2AD}"
EndProject
Project("{8BC9CEB8-8B4A-11D0-8D11-00A0C91BC942}") = "lib_openal", "3rd-party\lib_openal\lib_openal.vcxproj", "{319A671F-0A53-4033-BF4F-B3B39F93AC0E}"
EndProject
Project("{8BC9CEB8-8B4A-11D0-8D11-00A0C91BC942}") = "lib_zlib", "3rd-party\lib_zlib\lib_zlib.vcxproj", "{1AA4709F-9394-4233-9E2B-A8D70EAAA09D}"
EndProject
Project("{2150E333-8FDC-42A3-9474-1A3956D46DE8}") = "Engine", "Engine", "{D937B371-D579-4AAC-A1E1-EA19EA77E253}"
EndProject
Project("{8BC9CEB8-8B4A-11D0-8D11-00A0C91BC942}") = "xrAPI", "Li_Engine\xrAPI\xrAPI.vcxproj", "{4B4E5ADD-C3AA-4AAD-9D02-372883D9A2C0}"
EndProject
Project("{8BC9CEB8-8B4A-11D0-8D11-00A0C91BC942}") = "xrCDB", "Li_Engine\xrCDB\xrCDB.vcxproj", "{208CDF2E-6A3A-441D-8A8D-A9F1F7CD1260}"
EndProject
Project("{8BC9CEB8-8B4A-11D0-8D11-00A0C91BC942}") = "xrCore", "Li_Engine\xrCore\xrCore.vcxproj", "{233ED8A8-5B8E-4BBD-93CE-4C9405760E6A}"
EndProject
Project("{8BC9CEB8-8B4A-11D0-8D11-00A0C91BC942}") = "xrCPU_Pipe", "Li_Engine\xrCPU_Pipe\xrCPU_Pipe.vcxproj", "{6546EA24-3B5E-48B0-ADB6-48D8D478AE9D}"
EndProject
Project("{8BC9CEB8-8B4A-11D0-8D11-00A0C91BC942}") = "xrEngine", "Li_Engine\xrEngine\xrEngine.vcxproj", "{700EFF97-EE69-4BDE-8925-DE202E74FF33}"
EndProject
Project("{8BC9CEB8-8B4A-11D0-8D11-00A0C91BC942}") = "xrXMLParser", "Li_Engine\xrXMLParser\xrXMLParser.vcxproj", "{F9B8BF42-E678-46D6-96EF-597564CCC322}"
EndProject
Project("{8BC9CEB8-8B4A-11D0-8D11-00A0C91BC942}") = "xrSound", "Li_Engine\xrSound\xrSound.vcxproj", "{0BB96384-241B-49FB-9495-7BF5F38BAE12}"
EndProject
Project("{8BC9CEB8-8B4A-11D0-8D11-00A0C91BC942}") = "xrPhysics", "Li_Engine\xrPhysics\xrPhysics.vcxproj", "{B2B6F578-726C-4A7C-B0F7-2DABB5670BA3}"
EndProject
Project("{8BC9CEB8-8B4A-11D0-8D11-00A0C91BC942}") = "xrParticles", "Li_Engine\xrParticles\xrParticles.vcxproj", "{8EDB6BF7-A03B-4469-B2EB-37EFEAE2E04B}"
EndProject
Project("{8BC9CEB8-8B4A-11D0-8D11-00A0C91BC942}") = "xrNetServer", "Li_Engine\xrNetServer\xrNetServer.vcxproj", "{1CE1D272-7883-4DBA-84EC-40AD9AA56F40}"
EndProject
Project("{2150E333-8FDC-42A3-9474-1A3956D46DE8}") = "Renderers", "Renderers", "{3739209E-5B3A-4BA3-89DC-A48CC53034E3}"
EndProject
Project("{8BC9CEB8-8B4A-11D0-8D11-00A0C91BC942}") = "xrRender_R1", "Li_Engine\xrRender_R1\xrRender_R1.vcxproj", "{69EF43F2-81D4-3A0B-893F-95F9827B0BD5}"
EndProject
Project("{8BC9CEB8-8B4A-11D0-8D11-00A0C91BC942}") = "xrRender_R2", "Li_Engine\xrRender_R2\xrRender_R2.vcxproj", "{46945E8A-9BFA-3834-8E66-65D2B5B31346}"
EndProject
Project("{8BC9CEB8-8B4A-11D0-8D11-00A0C91BC942}") = "xrRender_R3", "Li_Engine\xrRender_R3\xrRender_R3.vcxproj", "{59B64019-004D-3DDF-AE91-1C8D0B0CCE9F}"
EndProject
Project("{8BC9CEB8-8B4A-11D0-8D11-00A0C91BC942}") = "xrRender_R4", "Li_Engine\xrRender_R4\xrRender_R4.vcxproj", "{11331A96-CDBA-36CF-B792-7492D03420E9}"
EndProject
Project("{8BC9CEB8-8B4A-11D0-8D11-00A0C91BC942}") = "xrGame", "Li_Engine\xrGame\xrGame.vcxproj", "{5576B4E1-8AED-3BB4-87C5-86C05BDDC3E3}"
EndProject
Project("{2150E333-8FDC-42A3-9474-1A3956D46DE8}") = "Editor", "Editor", "{7A4A3A93-5AE5-4D2E-9D1D-E0ACEA6DEE41}"
EndProject
Project("{8BC9CEB8-8B4A-11D0-8D11-00A0C91BC942}") = "xrEngineLib", "Li_Engine\xrEngine\xrEngineLib.vcxproj", "{90536AF6-3D49-4774-A80A-4FAD8E3C1568}"
EndProject
Project("{8BC9CEB8-8B4A-11D0-8D11-00A0C91BC942}") = "xrEditor", "editor\xrEditor\xrEditor.vcxproj", "{B12702AD-ABFB-343A-A199-8E24837244A3}"
EndProject
Global
	GlobalSection(SolutionConfigurationPlatforms) = preSolution
		Debug|x64 = Debug|x64
		Debug|x86 = Debug|x86
		Release|x64 = Release|x64
		Release|x86 = Release|x86
		RelWithDebInfo|x64 = RelWithDebInfo|x64
		RelWithDebInfo|x86 = RelWithDebInfo|x86
	EndGlobalSection
	GlobalSection(ProjectConfigurationPlatforms) = postSolution
		{0A652E40-2461-4D29-89C2-1EBCDD9BD804}.Debug|x64.ActiveCfg = Debug|x64
		{0A652E40-2461-4D29-89C2-1EBCDD9BD804}.Debug|x64.Build.0 = Debug|x64
		{0A652E40-2461-4D29-89C2-1EBCDD9BD804}.Debug|x86.ActiveCfg = Debug|Win32
		{0A652E40-2461-4D29-89C2-1EBCDD9BD804}.Debug|x86.Build.0 = Debug|Win32
		{0A652E40-2461-4D29-89C2-1EBCDD9BD804}.Release|x64.ActiveCfg = Release|x64
		{0A652E40-2461-4D29-89C2-1EBCDD9BD804}.Release|x64.Build.0 = Release|x64
		{0A652E40-2461-4D29-89C2-1EBCDD9BD804}.Release|x86.ActiveCfg = Release|Win32
		{0A652E40-2461-4D29-89C2-1EBCDD9BD804}.Release|x86.Build.0 = Release|Win32
		{0A652E40-2461-4D29-89C2-1EBCDD9BD804}.RelWithDebInfo|x64.ActiveCfg = Release|x64
		{0A652E40-2461-4D29-89C2-1EBCDD9BD804}.RelWithDebInfo|x64.Build.0 = Release|x64
		{0A652E40-2461-4D29-89C2-1EBCDD9BD804}.RelWithDebInfo|x86.ActiveCfg = Release|Win32
		{0A652E40-2461-4D29-89C2-1EBCDD9BD804}.RelWithDebInfo|x86.Build.0 = Release|Win32
		{73594EDB-5910-44B9-92F2-AA037B1DF649}.Debug|x64.ActiveCfg = Debug|x64
		{73594EDB-5910-44B9-92F2-AA037B1DF649}.Debug|x64.Build.0 = Debug|x64
		{73594EDB-5910-44B9-92F2-AA037B1DF649}.Debug|x86.ActiveCfg = Debug|Win32
		{73594EDB-5910-44B9-92F2-AA037B1DF649}.Debug|x86.Build.0 = Debug|Win32
		{73594EDB-5910-44B9-92F2-AA037B1DF649}.Release|x64.ActiveCfg = Release|x64
		{73594EDB-5910-44B9-92F2-AA037B1DF649}.Release|x64.Build.0 = Release|x64
		{73594EDB-5910-44B9-92F2-AA037B1DF649}.Release|x86.ActiveCfg = Release|Win32
		{73594EDB-5910-44B9-92F2-AA037B1DF649}.Release|x86.Build.0 = Release|Win32
		{73594EDB-5910-44B9-92F2-AA037B1DF649}.RelWithDebInfo|x64.ActiveCfg = Release|x64
		{73594EDB-5910-44B9-92F2-AA037B1DF649}.RelWithDebInfo|x64.Build.0 = Release|x64
		{73594EDB-5910-44B9-92F2-AA037B1DF649}.RelWithDebInfo|x86.ActiveCfg = Release|Win32
		{73594EDB-5910-44B9-92F2-AA037B1DF649}.RelWithDebInfo|x86.Build.0 = Release|Win32
		{43062536-EE60-4446-B82A-16BA2F328065}.Debug|x64.ActiveCfg = Debug|x64
		{43062536-EE60-4446-B82A-16BA2F328065}.Debug|x64.Build.0 = Debug|x64
		{43062536-EE60-4446-B82A-16BA2F328065}.Debug|x86.ActiveCfg = Debug|Win32
		{43062536-EE60-4446-B82A-16BA2F328065}.Debug|x86.Build.0 = Debug|Win32
		{43062536-EE60-4446-B82A-16BA2F328065}.Release|x64.ActiveCfg = Release|x64
		{43062536-EE60-4446-B82A-16BA2F328065}.Release|x64.Build.0 = Release|x64
		{43062536-EE60-4446-B82A-16BA2F328065}.Release|x86.ActiveCfg = Release|Win32
		{43062536-EE60-4446-B82A-16BA2F328065}.Release|x86.Build.0 = Release|Win32
		{43062536-EE60-4446-B82A-16BA2F328065}.RelWithDebInfo|x64.ActiveCfg = Release|x64
		{43062536-EE60-4446-B82A-16BA2F328065}.RelWithDebInfo|x64.Build.0 = Release|x64
		{43062536-EE60-4446-B82A-16BA2F328065}.RelWithDebInfo|x86.ActiveCfg = Release|Win32
		{43062536-EE60-4446-B82A-16BA2F328065}.RelWithDebInfo|x86.Build.0 = Release|Win32
		{89B3D345-157B-49ED-9885-210C6E7997BA}.Debug|x64.ActiveCfg = Debug|x64
		{89B3D345-157B-49ED-9885-210C6E7997BA}.Debug|x64.Build.0 = Debug|x64
		{89B3D345-157B-49ED-9885-210C6E7997BA}.Debug|x86.ActiveCfg = Debug|Win32
		{89B3D345-157B-49ED-9885-210C6E7997BA}.Debug|x86.Build.0 = Debug|Win32
		{89B3D345-157B-49ED-9885-210C6E7997BA}.Release|x64.ActiveCfg = Release|x64
		{89B3D345-157B-49ED-9885-210C6E7997BA}.Release|x64.Build.0 = Release|x64
		{89B3D345-157B-49ED-9885-210C6E7997BA}.Release|x86.ActiveCfg = Release|Win32
		{89B3D345-157B-49ED-9885-210C6E7997BA}.Release|x86.Build.0 = Release|Win32
		{89B3D345-157B-49ED-9885-210C6E7997BA}.RelWithDebInfo|x64.ActiveCfg = Release|x64
		{89B3D345-157B-49ED-9885-210C6E7997BA}.RelWithDebInfo|x64.Build.0 = Release|x64
		{89B3D345-157B-49ED-9885-210C6E7997BA}.RelWithDebInfo|x86.ActiveCfg = Release|Win32
		{89B3D345-157B-49ED-9885-210C6E7997BA}.RelWithDebInfo|x86.Build.0 = Release|Win32
		{13555DD7-07F4-49FA-9E61-AEB7497BA146}.Debug|x64.ActiveCfg = Debug|x64
		{13555DD7-07F4-49FA-9E61-AEB7497BA146}.Debug|x64.Build.0 = Debug|x64
		{13555DD7-07F4-49FA-9E61-AEB7497BA146}.Debug|x86.ActiveCfg = Debug|Win32
		{13555DD7-07F4-49FA-9E61-AEB7497BA146}.Debug|x86.Build.0 = Debug|Win32
		{13555DD7-07F4-49FA-9E61-AEB7497BA146}.Release|x64.ActiveCfg = Release|x64
		{13555DD7-07F4-49FA-9E61-AEB7497BA146}.Release|x64.Build.0 = Release|x64
		{13555DD7-07F4-49FA-9E61-AEB7497BA146}.Release|x86.ActiveCfg = Release|Win32
		{13555DD7-07F4-49FA-9E61-AEB7497BA146}.Release|x86.Build.0 = Release|Win32
		{13555DD7-07F4-49FA-9E61-AEB7497BA146}.RelWithDebInfo|x64.ActiveCfg = Release|x64
		{13555DD7-07F4-49FA-9E61-AEB7497BA146}.RelWithDebInfo|x64.Build.0 = Release|x64
		{13555DD7-07F4-49FA-9E61-AEB7497BA146}.RelWithDebInfo|x86.ActiveCfg = Release|Win32
		{13555DD7-07F4-49FA-9E61-AEB7497BA146}.RelWithDebInfo|x86.Build.0 = Release|Win32
		{B3B565DE-5D50-4251-959D-5B09B461EF5E}.Debug|x64.ActiveCfg = Debug|x64
		{B3B565DE-5D50-4251-959D-5B09B461EF5E}.Debug|x64.Build.0 = Debug|x64
		{B3B565DE-5D50-4251-959D-5B09B461EF5E}.Debug|x86.ActiveCfg = Debug|Win32
		{B3B565DE-5D50-4251-959D-5B09B461EF5E}.Debug|x86.Build.0 = Debug|Win32
		{B3B565DE-5D50-4251-959D-5B09B461EF5E}.Release|x64.ActiveCfg = Release|x64
		{B3B565DE-5D50-4251-959D-5B09B461EF5E}.Release|x64.Build.0 = Release|x64
		{B3B565DE-5D50-4251-959D-5B09B461EF5E}.Release|x86.ActiveCfg = Release|Win32
		{B3B565DE-5D50-4251-959D-5B09B461EF5E}.Release|x86.Build.0 = Release|Win32
		{B3B565DE-5D50-4251-959D-5B09B461EF5E}.RelWithDebInfo|x64.ActiveCfg = Release|x64
		{B3B565DE-5D50-4251-959D-5B09B461EF5E}.RelWithDebInfo|x64.Build.0 = Release|x64
		{B3B565DE-5D50-4251-959D-5B09B461EF5E}.RelWithDebInfo|x86.ActiveCfg = Release|Win32
		{B3B565DE-5D50-4251-959D-5B09B461EF5E}.RelWithDebInfo|x86.Build.0 = Release|Win32
		{A0CEFAE2-CE6B-458C-B52D-D155D2F48464}.Debug|x64.ActiveCfg = Debug|x64
		{A0CEFAE2-CE6B-458C-B52D-D155D2F48464}.Debug|x64.Build.0 = Debug|x64
		{A0CEFAE2-CE6B-458C-B52D-D155D2F48464}.Debug|x86.ActiveCfg = Debug|Win32
		{A0CEFAE2-CE6B-458C-B52D-D155D2F48464}.Debug|x86.Build.0 = Debug|Win32
		{A0CEFAE2-CE6B-458C-B52D-D155D2F48464}.Release|x64.ActiveCfg = Release|x64
		{A0CEFAE2-CE6B-458C-B52D-D155D2F48464}.Release|x64.Build.0 = Release|x64
		{A0CEFAE2-CE6B-458C-B52D-D155D2F48464}.Release|x86.ActiveCfg = Release|Win32
		{A0CEFAE2-CE6B-458C-B52D-D155D2F48464}.Release|x86.Build.0 = Release|Win32
		{A0CEFAE2-CE6B-458C-B52D-D155D2F48464}.RelWithDebInfo|x64.ActiveCfg = Release|x64
		{A0CEFAE2-CE6B-458C-B52D-D155D2F48464}.RelWithDebInfo|x64.Build.0 = Release|x64
		{A0CEFAE2-CE6B-458C-B52D-D155D2F48464}.RelWithDebInfo|x86.ActiveCfg = Release|Win32
		{A0CEFAE2-CE6B-458C-B52D-D155D2F48464}.RelWithDebInfo|x86.Build.0 = Release|Win32
		{1E811881-DE73-4682-BC4F-C0A65A5666BB}.Debug|x64.ActiveCfg = Debug|x64
		{1E811881-DE73-4682-BC4F-C0A65A5666BB}.Debug|x64.Build.0 = Debug|x64
		{1E811881-DE73-4682-BC4F-C0A65A5666BB}.Debug|x86.ActiveCfg = Debug|Win32
		{1E811881-DE73-4682-BC4F-C0A65A5666BB}.Debug|x86.Build.0 = Debug|Win32
		{1E811881-DE73-4682-BC4F-C0A65A5666BB}.Release|x64.ActiveCfg = Release|x64
		{1E811881-DE73-4682-BC4F-C0A65A5666BB}.Release|x64.Build.0 = Release|x64
		{1E811881-DE73-4682-BC4F-C0A65A5666BB}.Release|x86.ActiveCfg = Release|Win32
		{1E811881-DE73-4682-BC4F-C0A65A5666BB}.Release|x86.Build.0 = Release|Win32
		{1E811881-DE73-4682-BC4F-C0A65A5666BB}.RelWithDebInfo|x64.ActiveCfg = Release|x64
		{1E811881-DE73-4682-BC4F-C0A65A5666BB}.RelWithDebInfo|x64.Build.0 = Release|x64
		{1E811881-DE73-4682-BC4F-C0A65A5666BB}.RelWithDebInfo|x86.ActiveCfg = Release|Win32
		{1E811881-DE73-4682-BC4F-C0A65A5666BB}.RelWithDebInfo|x86.Build.0 = Release|Win32
		{EAB82388-6AF8-4649-92ED-904A83FCB2AD}.Debug|x64.ActiveCfg = Debug|x64
		{EAB82388-6AF8-4649-92ED-904A83FCB2AD}.Debug|x64.Build.0 = Debug|x64
		{EAB82388-6AF8-4649-92ED-904A83FCB2AD}.Debug|x86.ActiveCfg = Debug|Win32
		{EAB82388-6AF8-4649-92ED-904A83FCB2AD}.Debug|x86.Build.0 = Debug|Win32
		{EAB82388-6AF8-4649-92ED-904A83FCB2AD}.Release|x64.ActiveCfg = Release|x64
		{EAB82388-6AF8-4649-92ED-904A83FCB2AD}.Release|x64.Build.0 = Release|x64
		{EAB82388-6AF8-4649-92ED-904A83FCB2AD}.Release|x86.ActiveCfg = Release|Win32
		{EAB82388-6AF8-4649-92ED-904A83FCB2AD}.Release|x86.Build.0 = Release|Win32
		{EAB82388-6AF8-4649-92ED-904A83FCB2AD}.RelWithDebInfo|x64.ActiveCfg = Release|x64
		{EAB82388-6AF8-4649-92ED-904A83FCB2AD}.RelWithDebInfo|x64.Build.0 = Release|x64
		{EAB82388-6AF8-4649-92ED-904A83FCB2AD}.RelWithDebInfo|x86.ActiveCfg = Release|Win32
		{EAB82388-6AF8-4649-92ED-904A83FCB2AD}.RelWithDebInfo|x86.Build.0 = Release|Win32
		{319A671F-0A53-4033-BF4F-B3B39F93AC0E}.Debug|x64.ActiveCfg = Debug|x64
		{319A671F-0A53-4033-BF4F-B3B39F93AC0E}.Debug|x64.Build.0 = Debug|x64
		{319A671F-0A53-4033-BF4F-B3B39F93AC0E}.Debug|x86.ActiveCfg = Debug|Win32
		{319A671F-0A53-4033-BF4F-B3B39F93AC0E}.Debug|x86.Build.0 = Debug|Win32
		{319A671F-0A53-4033-BF4F-B3B39F93AC0E}.Release|x64.ActiveCfg = Release|x64
		{319A671F-0A53-4033-BF4F-B3B39F93AC0E}.Release|x64.Build.0 = Release|x64
		{319A671F-0A53-4033-BF4F-B3B39F93AC0E}.Release|x86.ActiveCfg = Release|Win32
		{319A671F-0A53-4033-BF4F-B3B39F93AC0E}.Release|x86.Build.0 = Release|Win32
		{319A671F-0A53-4033-BF4F-B3B39F93AC0E}.RelWithDebInfo|x64.ActiveCfg = Release|x64
		{319A671F-0A53-4033-BF4F-B3B39F93AC0E}.RelWithDebInfo|x64.Build.0 = Release|x64
		{319A671F-0A53-4033-BF4F-B3B39F93AC0E}.RelWithDebInfo|x86.ActiveCfg = Release|Win32
		{319A671F-0A53-4033-BF4F-B3B39F93AC0E}.RelWithDebInfo|x86.Build.0 = Release|Win32
		{1AA4709F-9394-4233-9E2B-A8D70EAAA09D}.Debug|x64.ActiveCfg = Debug|x64
		{1AA4709F-9394-4233-9E2B-A8D70EAAA09D}.Debug|x64.Build.0 = Debug|x64
		{1AA4709F-9394-4233-9E2B-A8D70EAAA09D}.Debug|x86.ActiveCfg = Debug|Win32
		{1AA4709F-9394-4233-9E2B-A8D70EAAA09D}.Debug|x86.Build.0 = Debug|Win32
		{1AA4709F-9394-4233-9E2B-A8D70EAAA09D}.Release|x64.ActiveCfg = Release|x64
		{1AA4709F-9394-4233-9E2B-A8D70EAAA09D}.Release|x64.Build.0 = Release|x64
		{1AA4709F-9394-4233-9E2B-A8D70EAAA09D}.Release|x86.ActiveCfg = Release|Win32
		{1AA4709F-9394-4233-9E2B-A8D70EAAA09D}.Release|x86.Build.0 = Release|Win32
		{1AA4709F-9394-4233-9E2B-A8D70EAAA09D}.RelWithDebInfo|x64.ActiveCfg = Release|x64
		{1AA4709F-9394-4233-9E2B-A8D70EAAA09D}.RelWithDebInfo|x64.Build.0 = Release|x64
		{1AA4709F-9394-4233-9E2B-A8D70EAAA09D}.RelWithDebInfo|x86.ActiveCfg = Release|Win32
		{1AA4709F-9394-4233-9E2B-A8D70EAAA09D}.RelWithDebInfo|x86.Build.0 = Release|Win32
		{4B4E5ADD-C3AA-4AAD-9D02-372883D9A2C0}.Debug|x64.ActiveCfg = Debug|x64
		{4B4E5ADD-C3AA-4AAD-9D02-372883D9A2C0}.Debug|x64.Build.0 = Debug|x64
		{4B4E5ADD-C3AA-4AAD-9D02-372883D9A2C0}.Debug|x86.ActiveCfg = Debug|Win32
		{4B4E5ADD-C3AA-4AAD-9D02-372883D9A2C0}.Debug|x86.Build.0 = Debug|Win32
		{4B4E5ADD-C3AA-4AAD-9D02-372883D9A2C0}.Release|x64.ActiveCfg = Release|x64
		{4B4E5ADD-C3AA-4AAD-9D02-372883D9A2C0}.Release|x64.Build.0 = Release|x64
		{4B4E5ADD-C3AA-4AAD-9D02-372883D9A2C0}.Release|x86.ActiveCfg = Release|Win32
		{4B4E5ADD-C3AA-4AAD-9D02-372883D9A2C0}.Release|x86.Build.0 = Release|Win32
		{4B4E5ADD-C3AA-4AAD-9D02-372883D9A2C0}.RelWithDebInfo|x64.ActiveCfg = Release|x64
		{4B4E5ADD-C3AA-4AAD-9D02-372883D9A2C0}.RelWithDebInfo|x64.Build.0 = Release|x64
		{4B4E5ADD-C3AA-4AAD-9D02-372883D9A2C0}.RelWithDebInfo|x86.ActiveCfg = Release|Win32
		{4B4E5ADD-C3AA-4AAD-9D02-372883D9A2C0}.RelWithDebInfo|x86.Build.0 = Release|Win32
		{208CDF2E-6A3A-441D-8A8D-A9F1F7CD1260}.Debug|x64.ActiveCfg = Debug|x64
		{208CDF2E-6A3A-441D-8A8D-A9F1F7CD1260}.Debug|x64.Build.0 = Debug|x64
		{208CDF2E-6A3A-441D-8A8D-A9F1F7CD1260}.Debug|x86.ActiveCfg = Debug|Win32
		{208CDF2E-6A3A-441D-8A8D-A9F1F7CD1260}.Debug|x86.Build.0 = Debug|Win32
		{208CDF2E-6A3A-441D-8A8D-A9F1F7CD1260}.Release|x64.ActiveCfg = Release|x64
		{208CDF2E-6A3A-441D-8A8D-A9F1F7CD1260}.Release|x64.Build.0 = Release|x64
		{208CDF2E-6A3A-441D-8A8D-A9F1F7CD1260}.Release|x86.ActiveCfg = Release|Win32
		{208CDF2E-6A3A-441D-8A8D-A9F1F7CD1260}.Release|x86.Build.0 = Release|Win32
		{208CDF2E-6A3A-441D-8A8D-A9F1F7CD1260}.RelWithDebInfo|x64.ActiveCfg = Release|x64
		{208CDF2E-6A3A-441D-8A8D-A9F1F7CD1260}.RelWithDebInfo|x64.Build.0 = Release|x64
		{208CDF2E-6A3A-441D-8A8D-A9F1F7CD1260}.RelWithDebInfo|x86.ActiveCfg = Release|Win32
		{208CDF2E-6A3A-441D-8A8D-A9F1F7CD1260}.RelWithDebInfo|x86.Build.0 = Release|Win32
		{233ED8A8-5B8E-4BBD-93CE-4C9405760E6A}.Debug|x64.ActiveCfg = Debug|x64
		{233ED8A8-5B8E-4BBD-93CE-4C9405760E6A}.Debug|x64.Build.0 = Debug|x64
		{233ED8A8-5B8E-4BBD-93CE-4C9405760E6A}.Debug|x86.ActiveCfg = Debug|Win32
		{233ED8A8-5B8E-4BBD-93CE-4C9405760E6A}.Debug|x86.Build.0 = Debug|Win32
		{233ED8A8-5B8E-4BBD-93CE-4C9405760E6A}.Release|x64.ActiveCfg = Release|x64
		{233ED8A8-5B8E-4BBD-93CE-4C9405760E6A}.Release|x64.Build.0 = Release|x64
		{233ED8A8-5B8E-4BBD-93CE-4C9405760E6A}.Release|x86.ActiveCfg = Release|Win32
		{233ED8A8-5B8E-4BBD-93CE-4C9405760E6A}.Release|x86.Build.0 = Release|Win32
		{233ED8A8-5B8E-4BBD-93CE-4C9405760E6A}.RelWithDebInfo|x64.ActiveCfg = Release|x64
		{233ED8A8-5B8E-4BBD-93CE-4C9405760E6A}.RelWithDebInfo|x64.Build.0 = Release|x64
		{233ED8A8-5B8E-4BBD-93CE-4C9405760E6A}.RelWithDebInfo|x86.ActiveCfg = Release|Win32
		{233ED8A8-5B8E-4BBD-93CE-4C9405760E6A}.RelWithDebInfo|x86.Build.0 = Release|Win32
		{6546EA24-3B5E-48B0-ADB6-48D8D478AE9D}.Debug|x64.ActiveCfg = Debug|x64
		{6546EA24-3B5E-48B0-ADB6-48D8D478AE9D}.Debug|x64.Build.0 = Debug|x64
		{6546EA24-3B5E-48B0-ADB6-48D8D478AE9D}.Debug|x86.ActiveCfg = Debug|Win32
		{6546EA24-3B5E-48B0-ADB6-48D8D478AE9D}.Debug|x86.Build.0 = Debug|Win32
		{6546EA24-3B5E-48B0-ADB6-48D8D478AE9D}.Release|x64.ActiveCfg = Release|x64
		{6546EA24-3B5E-48B0-ADB6-48D8D478AE9D}.Release|x64.Build.0 = Release|x64
		{6546EA24-3B5E-48B0-ADB6-48D8D478AE9D}.Release|x86.ActiveCfg = Release|Win32
		{6546EA24-3B5E-48B0-ADB6-48D8D478AE9D}.Release|x86.Build.0 = Release|Win32
		{6546EA24-3B5E-48B0-ADB6-48D8D478AE9D}.RelWithDebInfo|x64.ActiveCfg = Release|x64
		{6546EA24-3B5E-48B0-ADB6-48D8D478AE9D}.RelWithDebInfo|x64.Build.0 = Release|x64
		{6546EA24-3B5E-48B0-ADB6-48D8D478AE9D}.RelWithDebInfo|x86.ActiveCfg = Release|Win32
		{6546EA24-3B5E-48B0-ADB6-48D8D478AE9D}.RelWithDebInfo|x86.Build.0 = Release|Win32
		{700EFF97-EE69-4BDE-8925-DE202E74FF33}.Debug|x64.ActiveCfg = Debug|x64
		{700EFF97-EE69-4BDE-8925-DE202E74FF33}.Debug|x64.Build.0 = Debug|x64
		{700EFF97-EE69-4BDE-8925-DE202E74FF33}.Debug|x86.ActiveCfg = Debug|Win32
		{700EFF97-EE69-4BDE-8925-DE202E74FF33}.Debug|x86.Build.0 = Debug|Win32
		{700EFF97-EE69-4BDE-8925-DE202E74FF33}.Release|x64.ActiveCfg = Release|x64
		{700EFF97-EE69-4BDE-8925-DE202E74FF33}.Release|x64.Build.0 = Release|x64
		{700EFF97-EE69-4BDE-8925-DE202E74FF33}.Release|x86.ActiveCfg = Release|Win32
		{700EFF97-EE69-4BDE-8925-DE202E74FF33}.Release|x86.Build.0 = Release|Win32
		{700EFF97-EE69-4BDE-8925-DE202E74FF33}.RelWithDebInfo|x64.ActiveCfg = Release|x64
		{700EFF97-EE69-4BDE-8925-DE202E74FF33}.RelWithDebInfo|x64.Build.0 = Release|x64
		{700EFF97-EE69-4BDE-8925-DE202E74FF33}.RelWithDebInfo|x86.ActiveCfg = Release|Win32
		{700EFF97-EE69-4BDE-8925-DE202E74FF33}.RelWithDebInfo|x86.Build.0 = Release|Win32
		{F9B8BF42-E678-46D6-96EF-597564CCC322}.Debug|x64.ActiveCfg = Debug|x64
		{F9B8BF42-E678-46D6-96EF-597564CCC322}.Debug|x64.Build.0 = Debug|x64
		{F9B8BF42-E678-46D6-96EF-597564CCC322}.Debug|x86.ActiveCfg = Debug|Win32
		{F9B8BF42-E678-46D6-96EF-597564CCC322}.Debug|x86.Build.0 = Debug|Win32
		{F9B8BF42-E678-46D6-96EF-597564CCC322}.Release|x64.ActiveCfg = Release|x64
		{F9B8BF42-E678-46D6-96EF-597564CCC322}.Release|x64.Build.0 = Release|x64
		{F9B8BF42-E678-46D6-96EF-597564CCC322}.Release|x86.ActiveCfg = Release|Win32
		{F9B8BF42-E678-46D6-96EF-597564CCC322}.Release|x86.Build.0 = Release|Win32
		{F9B8BF42-E678-46D6-96EF-597564CCC322}.RelWithDebInfo|x64.ActiveCfg = Release|x64
		{F9B8BF42-E678-46D6-96EF-597564CCC322}.RelWithDebInfo|x64.Build.0 = Release|x64
		{F9B8BF42-E678-46D6-96EF-597564CCC322}.RelWithDebInfo|x86.ActiveCfg = Release|Win32
		{F9B8BF42-E678-46D6-96EF-597564CCC322}.RelWithDebInfo|x86.Build.0 = Release|Win32
		{0BB96384-241B-49FB-9495-7BF5F38BAE12}.Debug|x64.ActiveCfg = Debug|x64
		{0BB96384-241B-49FB-9495-7BF5F38BAE12}.Debug|x64.Build.0 = Debug|x64
		{0BB96384-241B-49FB-9495-7BF5F38BAE12}.Debug|x86.ActiveCfg = Debug|Win32
		{0BB96384-241B-49FB-9495-7BF5F38BAE12}.Debug|x86.Build.0 = Debug|Win32
		{0BB96384-241B-49FB-9495-7BF5F38BAE12}.Release|x64.ActiveCfg = Release|x64
		{0BB96384-241B-49FB-9495-7BF5F38BAE12}.Release|x64.Build.0 = Release|x64
		{0BB96384-241B-49FB-9495-7BF5F38BAE12}.Release|x86.ActiveCfg = Release|Win32
		{0BB96384-241B-49FB-9495-7BF5F38BAE12}.Release|x86.Build.0 = Release|Win32
		{0BB96384-241B-49FB-9495-7BF5F38BAE12}.RelWithDebInfo|x64.ActiveCfg = Release|x64
		{0BB96384-241B-49FB-9495-7BF5F38BAE12}.RelWithDebInfo|x64.Build.0 = Release|x64
		{0BB96384-241B-49FB-9495-7BF5F38BAE12}.RelWithDebInfo|x86.ActiveCfg = Release|Win32
		{0BB96384-241B-49FB-9495-7BF5F38BAE12}.RelWithDebInfo|x86.Build.0 = Release|Win32
		{B2B6F578-726C-4A7C-B0F7-2DABB5670BA3}.Debug|x64.ActiveCfg = Debug|x64
		{B2B6F578-726C-4A7C-B0F7-2DABB5670BA3}.Debug|x64.Build.0 = Debug|x64
		{B2B6F578-726C-4A7C-B0F7-2DABB5670BA3}.Debug|x86.ActiveCfg = Debug|Win32
		{B2B6F578-726C-4A7C-B0F7-2DABB5670BA3}.Debug|x86.Build.0 = Debug|Win32
		{B2B6F578-726C-4A7C-B0F7-2DABB5670BA3}.Release|x64.ActiveCfg = Release|x64
		{B2B6F578-726C-4A7C-B0F7-2DABB5670BA3}.Release|x64.Build.0 = Release|x64
		{B2B6F578-726C-4A7C-B0F7-2DABB5670BA3}.Release|x86.ActiveCfg = Release|Win32
		{B2B6F578-726C-4A7C-B0F7-2DABB5670BA3}.Release|x86.Build.0 = Release|Win32
		{B2B6F578-726C-4A7C-B0F7-2DABB5670BA3}.RelWithDebInfo|x64.ActiveCfg = Release|x64
		{B2B6F578-726C-4A7C-B0F7-2DABB5670BA3}.RelWithDebInfo|x64.Build.0 = Release|x64
		{B2B6F578-726C-4A7C-B0F7-2DABB5670BA3}.RelWithDebInfo|x86.ActiveCfg = Release|Win32
		{B2B6F578-726C-4A7C-B0F7-2DABB5670BA3}.RelWithDebInfo|x86.Build.0 = Release|Win32
		{8EDB6BF7-A03B-4469-B2EB-37EFEAE2E04B}.Debug|x64.ActiveCfg = Debug|x64
		{8EDB6BF7-A03B-4469-B2EB-37EFEAE2E04B}.Debug|x64.Build.0 = Debug|x64
		{8EDB6BF7-A03B-4469-B2EB-37EFEAE2E04B}.Debug|x86.ActiveCfg = Debug|Win32
		{8EDB6BF7-A03B-4469-B2EB-37EFEAE2E04B}.Debug|x86.Build.0 = Debug|Win32
		{8EDB6BF7-A03B-4469-B2EB-37EFEAE2E04B}.Release|x64.ActiveCfg = Release|x64
		{8EDB6BF7-A03B-4469-B2EB-37EFEAE2E04B}.Release|x64.Build.0 = Release|x64
		{8EDB6BF7-A03B-4469-B2EB-37EFEAE2E04B}.Release|x86.ActiveCfg = Release|Win32
		{8EDB6BF7-A03B-4469-B2EB-37EFEAE2E04B}.Release|x86.Build.0 = Release|Win32
		{8EDB6BF7-A03B-4469-B2EB-37EFEAE2E04B}.RelWithDebInfo|x64.ActiveCfg = Release|x64
		{8EDB6BF7-A03B-4469-B2EB-37EFEAE2E04B}.RelWithDebInfo|x64.Build.0 = Release|x64
		{8EDB6BF7-A03B-4469-B2EB-37EFEAE2E04B}.RelWithDebInfo|x86.ActiveCfg = Release|Win32
		{8EDB6BF7-A03B-4469-B2EB-37EFEAE2E04B}.RelWithDebInfo|x86.Build.0 = Release|Win32
		{1CE1D272-7883-4DBA-84EC-40AD9AA56F40}.Debug|x64.ActiveCfg = Debug|x64
		{1CE1D272-7883-4DBA-84EC-40AD9AA56F40}.Debug|x64.Build.0 = Debug|x64
		{1CE1D272-7883-4DBA-84EC-40AD9AA56F40}.Debug|x86.ActiveCfg = Debug|Win32
		{1CE1D272-7883-4DBA-84EC-40AD9AA56F40}.Debug|x86.Build.0 = Debug|Win32
		{1CE1D272-7883-4DBA-84EC-40AD9AA56F40}.Release|x64.ActiveCfg = Release|x64
		{1CE1D272-7883-4DBA-84EC-40AD9AA56F40}.Release|x64.Build.0 = Release|x64
		{1CE1D272-7883-4DBA-84EC-40AD9AA56F40}.Release|x86.ActiveCfg = Release|Win32
		{1CE1D272-7883-4DBA-84EC-40AD9AA56F40}.Release|x86.Build.0 = Release|Win32
		{1CE1D272-7883-4DBA-84EC-40AD9AA56F40}.RelWithDebInfo|x64.ActiveCfg = Release|x64
		{1CE1D272-7883-4DBA-84EC-40AD9AA56F40}.RelWithDebInfo|x64.Build.0 = Release|x64
		{1CE1D272-7883-4DBA-84EC-40AD9AA56F40}.RelWithDebInfo|x86.ActiveCfg = Release|Win32
		{1CE1D272-7883-4DBA-84EC-40AD9AA56F40}.RelWithDebInfo|x86.Build.0 = Release|Win32
		{69EF43F2-81D4-3A0B-893F-95F9827B0BD5}.Debug|x64.ActiveCfg = Debug|x64
		{69EF43F2-81D4-3A0B-893F-95F9827B0BD5}.Debug|x64.Build.0 = Debug|x64
		{69EF43F2-81D4-3A0B-893F-95F9827B0BD5}.Debug|x86.ActiveCfg = Debug|x64
		{69EF43F2-81D4-3A0B-893F-95F9827B0BD5}.Release|x64.ActiveCfg = RelWithDebInfo|x64
		{69EF43F2-81D4-3A0B-893F-95F9827B0BD5}.Release|x64.Build.0 = RelWithDebInfo|x64
		{69EF43F2-81D4-3A0B-893F-95F9827B0BD5}.Release|x64.Deploy.0 = RelWithDebInfo|x64
		{69EF43F2-81D4-3A0B-893F-95F9827B0BD5}.Release|x86.ActiveCfg = RelWithDebInfo|x64
		{69EF43F2-81D4-3A0B-893F-95F9827B0BD5}.Release|x86.Build.0 = RelWithDebInfo|x64
		{69EF43F2-81D4-3A0B-893F-95F9827B0BD5}.Release|x86.Deploy.0 = RelWithDebInfo|x64
		{69EF43F2-81D4-3A0B-893F-95F9827B0BD5}.RelWithDebInfo|x64.ActiveCfg = RelWithDebInfo|x64
		{69EF43F2-81D4-3A0B-893F-95F9827B0BD5}.RelWithDebInfo|x64.Build.0 = RelWithDebInfo|x64
		{69EF43F2-81D4-3A0B-893F-95F9827B0BD5}.RelWithDebInfo|x86.ActiveCfg = RelWithDebInfo|x64
		{46945E8A-9BFA-3834-8E66-65D2B5B31346}.Debug|x64.ActiveCfg = Debug|x64
		{46945E8A-9BFA-3834-8E66-65D2B5B31346}.Debug|x64.Build.0 = Debug|x64
		{46945E8A-9BFA-3834-8E66-65D2B5B31346}.Debug|x86.ActiveCfg = Debug|x64
		{46945E8A-9BFA-3834-8E66-65D2B5B31346}.Release|x64.ActiveCfg = RelWithDebInfo|x64
		{46945E8A-9BFA-3834-8E66-65D2B5B31346}.Release|x64.Build.0 = RelWithDebInfo|x64
		{46945E8A-9BFA-3834-8E66-65D2B5B31346}.Release|x86.ActiveCfg = Debug|x64
		{46945E8A-9BFA-3834-8E66-65D2B5B31346}.Release|x86.Build.0 = Debug|x64
		{46945E8A-9BFA-3834-8E66-65D2B5B31346}.RelWithDebInfo|x64.ActiveCfg = RelWithDebInfo|x64
		{46945E8A-9BFA-3834-8E66-65D2B5B31346}.RelWithDebInfo|x64.Build.0 = RelWithDebInfo|x64
		{46945E8A-9BFA-3834-8E66-65D2B5B31346}.RelWithDebInfo|x86.ActiveCfg = RelWithDebInfo|x64
		{59B64019-004D-3DDF-AE91-1C8D0B0CCE9F}.Debug|x64.ActiveCfg = Debug|x64
		{59B64019-004D-3DDF-AE91-1C8D0B0CCE9F}.Debug|x64.Build.0 = Debug|x64
		{59B64019-004D-3DDF-AE91-1C8D0B0CCE9F}.Debug|x86.ActiveCfg = Debug|x64
		{59B64019-004D-3DDF-AE91-1C8D0B0CCE9F}.Release|x64.ActiveCfg = RelWithDebInfo|x64
		{59B64019-004D-3DDF-AE91-1C8D0B0CCE9F}.Release|x64.Build.0 = RelWithDebInfo|x64
		{59B64019-004D-3DDF-AE91-1C8D0B0CCE9F}.Release|x86.ActiveCfg = Debug|x64
		{59B64019-004D-3DDF-AE91-1C8D0B0CCE9F}.Release|x86.Build.0 = Debug|x64
		{59B64019-004D-3DDF-AE91-1C8D0B0CCE9F}.RelWithDebInfo|x64.ActiveCfg = RelWithDebInfo|x64
		{59B64019-004D-3DDF-AE91-1C8D0B0CCE9F}.RelWithDebInfo|x64.Build.0 = RelWithDebInfo|x64
		{59B64019-004D-3DDF-AE91-1C8D0B0CCE9F}.RelWithDebInfo|x86.ActiveCfg = RelWithDebInfo|x64
		{11331A96-CDBA-36CF-B792-7492D03420E9}.Debug|x64.ActiveCfg = Debug|x64
		{11331A96-CDBA-36CF-B792-7492D03420E9}.Debug|x64.Build.0 = Debug|x64
		{11331A96-CDBA-36CF-B792-7492D03420E9}.Debug|x86.ActiveCfg = Debug|x64
		{11331A96-CDBA-36CF-B792-7492D03420E9}.Release|x64.ActiveCfg = RelWithDebInfo|x64
		{11331A96-CDBA-36CF-B792-7492D03420E9}.Release|x64.Build.0 = RelWithDebInfo|x64
		{11331A96-CDBA-36CF-B792-7492D03420E9}.Release|x86.ActiveCfg = Debug|x64
		{11331A96-CDBA-36CF-B792-7492D03420E9}.Release|x86.Build.0 = Debug|x64
		{11331A96-CDBA-36CF-B792-7492D03420E9}.RelWithDebInfo|x64.ActiveCfg = RelWithDebInfo|x64
		{11331A96-CDBA-36CF-B792-7492D03420E9}.RelWithDebInfo|x64.Build.0 = RelWithDebInfo|x64
		{11331A96-CDBA-36CF-B792-7492D03420E9}.RelWithDebInfo|x86.ActiveCfg = RelWithDebInfo|x64
		{5576B4E1-8AED-3BB4-87C5-86C05BDDC3E3}.Debug|x64.ActiveCfg = Debug|x64
		{5576B4E1-8AED-3BB4-87C5-86C05BDDC3E3}.Debug|x64.Build.0 = Debug|x64
		{5576B4E1-8AED-3BB4-87C5-86C05BDDC3E3}.Debug|x86.ActiveCfg = Debug|x64
		{5576B4E1-8AED-3BB4-87C5-86C05BDDC3E3}.Release|x64.ActiveCfg = RelWithDebInfo|x64
		{5576B4E1-8AED-3BB4-87C5-86C05BDDC3E3}.Release|x64.Build.0 = RelWithDebInfo|x64
		{5576B4E1-8AED-3BB4-87C5-86C05BDDC3E3}.Release|x86.ActiveCfg = Debug|x64
		{5576B4E1-8AED-3BB4-87C5-86C05BDDC3E3}.Release|x86.Build.0 = Debug|x64
		{5576B4E1-8AED-3BB4-87C5-86C05BDDC3E3}.RelWithDebInfo|x64.ActiveCfg = RelWithDebInfo|x64
		{5576B4E1-8AED-3BB4-87C5-86C05BDDC3E3}.RelWithDebInfo|x64.Build.0 = RelWithDebInfo|x64
		{5576B4E1-8AED-3BB4-87C5-86C05BDDC3E3}.RelWithDebInfo|x86.ActiveCfg = RelWithDebInfo|x64
		{90536AF6-3D49-4774-A80A-4FAD8E3C1568}.Debug|x64.ActiveCfg = Debug|x64
		{90536AF6-3D49-4774-A80A-4FAD8E3C1568}.Debug|x64.Build.0 = Debug|x64
		{90536AF6-3D49-4774-A80A-4FAD8E3C1568}.Debug|x86.ActiveCfg = Debug|Win32
		{90536AF6-3D49-4774-A80A-4FAD8E3C1568}.Debug|x86.Build.0 = Debug|Win32
		{90536AF6-3D49-4774-A80A-4FAD8E3C1568}.Release|x64.ActiveCfg = Release|x64
		{90536AF6-3D49-4774-A80A-4FAD8E3C1568}.Release|x64.Build.0 = Release|x64
		{90536AF6-3D49-4774-A80A-4FAD8E3C1568}.Release|x86.ActiveCfg = Release|Win32
		{90536AF6-3D49-4774-A80A-4FAD8E3C1568}.Release|x86.Build.0 = Release|Win32
		{90536AF6-3D49-4774-A80A-4FAD8E3C1568}.RelWithDebInfo|x64.ActiveCfg = Release|x64
		{90536AF6-3D49-4774-A80A-4FAD8E3C1568}.RelWithDebInfo|x64.Build.0 = Release|x64
		{90536AF6-3D49-4774-A80A-4FAD8E3C1568}.RelWithDebInfo|x86.ActiveCfg = Release|Win32
		{90536AF6-3D49-4774-A80A-4FAD8E3C1568}.RelWithDebInfo|x86.Build.0 = Release|Win32
		{B12702AD-ABFB-343A-A199-8E24837244A3}.Debug|x64.ActiveCfg = Release|x64
		{B12702AD-ABFB-343A-A199-8E24837244A3}.Debug|x64.Build.0 = Release|x64
		{B12702AD-ABFB-343A-A199-8E24837244A3}.Debug|x86.ActiveCfg = Release|x64
		{B12702AD-ABFB-343A-A199-8E24837244A3}.Debug|x86.Build.0 = Release|x64
		{B12702AD-ABFB-343A-A199-8E24837244A3}.Release|x64.ActiveCfg = Release|x64
		{B12702AD-ABFB-343A-A199-8E24837244A3}.Release|x64.Build.0 = Release|x64
		{B12702AD-ABFB-343A-A199-8E24837244A3}.Release|x86.ActiveCfg = Release|x64
		{B12702AD-ABFB-343A-A199-8E24837244A3}.RelWithDebInfo|x64.ActiveCfg = RelWithDebInfo|x64
		{B12702AD-ABFB-343A-A199-8E24837244A3}.RelWithDebInfo|x64.Build.0 = RelWithDebInfo|x64
		{B12702AD-ABFB-343A-A199-8E24837244A3}.RelWithDebInfo|x86.ActiveCfg = RelWithDebInfo|x64
	EndGlobalSection
	GlobalSection(SolutionProperties) = preSolution
		HideSolutionNode = FALSE
	EndGlobalSection
	GlobalSection(NestedProjects) = preSolution
		{2EA73C1C-9C51-420F-BCEB-051096EC5DB5} = {8319FB75-461A-4A57-9CB3-3D1D3A94975F}
		{0A652E40-2461-4D29-89C2-1EBCDD9BD804} = {8319FB75-461A-4A57-9CB3-3D1D3A94975F}
		{73594EDB-5910-44B9-92F2-AA037B1DF649} = {8319FB75-461A-4A57-9CB3-3D1D3A94975F}
		{43062536-EE60-4446-B82A-16BA2F328065} = {8319FB75-461A-4A57-9CB3-3D1D3A94975F}
		{89B3D345-157B-49ED-9885-210C6E7997BA} = {8319FB75-461A-4A57-9CB3-3D1D3A94975F}
		{13555DD7-07F4-49FA-9E61-AEB7497BA146} = {8319FB75-461A-4A57-9CB3-3D1D3A94975F}
		{B3B565DE-5D50-4251-959D-5B09B461EF5E} = {8319FB75-461A-4A57-9CB3-3D1D3A94975F}
		{A0CEFAE2-CE6B-458C-B52D-D155D2F48464} = {8319FB75-461A-4A57-9CB3-3D1D3A94975F}
		{1E811881-DE73-4682-BC4F-C0A65A5666BB} = {8319FB75-461A-4A57-9CB3-3D1D3A94975F}
		{EAB82388-6AF8-4649-92ED-904A83FCB2AD} = {8319FB75-461A-4A57-9CB3-3D1D3A94975F}
		{319A671F-0A53-4033-BF4F-B3B39F93AC0E} = {8319FB75-461A-4A57-9CB3-3D1D3A94975F}
		{1AA4709F-9394-4233-9E2B-A8D70EAAA09D} = {8319FB75-461A-4A57-9CB3-3D1D3A94975F}
		{4B4E5ADD-C3AA-4AAD-9D02-372883D9A2C0} = {D937B371-D579-4AAC-A1E1-EA19EA77E253}
		{208CDF2E-6A3A-441D-8A8D-A9F1F7CD1260} = {D937B371-D579-4AAC-A1E1-EA19EA77E253}
		{233ED8A8-5B8E-4BBD-93CE-4C9405760E6A} = {D937B371-D579-4AAC-A1E1-EA19EA77E253}
		{6546EA24-3B5E-48B0-ADB6-48D8D478AE9D} = {D937B371-D579-4AAC-A1E1-EA19EA77E253}
		{700EFF97-EE69-4BDE-8925-DE202E74FF33} = {D937B371-D579-4AAC-A1E1-EA19EA77E253}
		{F9B8BF42-E678-46D6-96EF-597564CCC322} = {D937B371-D579-4AAC-A1E1-EA19EA77E253}
		{0BB96384-241B-49FB-9495-7BF5F38BAE12} = {D937B371-D579-4AAC-A1E1-EA19EA77E253}
		{B2B6F578-726C-4A7C-B0F7-2DABB5670BA3} = {D937B371-D579-4AAC-A1E1-EA19EA77E253}
		{8EDB6BF7-A03B-4469-B2EB-37EFEAE2E04B} = {D937B371-D579-4AAC-A1E1-EA19EA77E253}
		{1CE1D272-7883-4DBA-84EC-40AD9AA56F40} = {D937B371-D579-4AAC-A1E1-EA19EA77E253}
		{3739209E-5B3A-4BA3-89DC-A48CC53034E3} = {D937B371-D579-4AAC-A1E1-EA19EA77E253}
		{69EF43F2-81D4-3A0B-893F-95F9827B0BD5} = {3739209E-5B3A-4BA3-89DC-A48CC53034E3}
		{46945E8A-9BFA-3834-8E66-65D2B5B31346} = {3739209E-5B3A-4BA3-89DC-A48CC53034E3}
		{59B64019-004D-3DDF-AE91-1C8D0B0CCE9F} = {3739209E-5B3A-4BA3-89DC-A48CC53034E3}
		{11331A96-CDBA-36CF-B792-7492D03420E9} = {3739209E-5B3A-4BA3-89DC-A48CC53034E3}
		{5576B4E1-8AED-3BB4-87C5-86C05BDDC3E3} = {D937B371-D579-4AAC-A1E1-EA19EA77E253}
		{90536AF6-3D49-4774-A80A-4FAD8E3C1568} = {7A4A3A93-5AE5-4D2E-9D1D-E0ACEA6DEE41}
		{B12702AD-ABFB-343A-A199-8E24837244A3} = {7A4A3A93-5AE5-4D2E-9D1D-E0ACEA6DEE41}
	EndGlobalSection
	GlobalSection(ExtensibilityGlobals) = postSolution
		SolutionGuid = {2B30F9ED-25E5-4E23-BA9F-05F5974A6B4A}
	EndGlobalSection
EndGlobal
